{
  "requires": true,
  "lockfileVersion": 1,
  "dependencies": {
    "vue-fragment": {
      "version": "1.5.1",
      "resolved": "https://registry.npmjs.org/vue-fragment/-/vue-fragment-1.5.1.tgz",
      "integrity": "sha512-ig6eES6TcMBbANW71ylB+AJgRN+Zksb3f50AxjGpAk6hMzqmeuD80qeh4LJP0jVw2dMBMjgRUfIkrvxygoRgtQ=="
    }
  }
}
